
Microsoft Visual Studio Solution File, Format Version 12.00
# Visual Studio Version 17
VisualStudioVersion = 17.13.35825.156 d17.13
MinimumVisualStudioVersion = 10.0.40219.1
Project("{FAE04EC0-301F-11D3-BF4B-00C04F79EFBC}") = "MVCSimulation2.BL", "MVCSimulation2.BL\MVCSimulation2.BL.csproj", "{FBD786D6-0FCA-46BB-A194-E0F40CDD41AB}"
EndProject
Project("{FAE04EC0-301F-11D3-BF4B-00C04F79EFBC}") = "MVCSimulation2.DAL", "MVCSimulation2.DAL\MVCSimulation2.DAL.csproj", "{F8940C76-EFF7-4910-9187-D2838955F583}"
EndProject
Project("{FAE04EC0-301F-11D3-BF4B-00C04F79EFBC}") = "MVCSimulation2.MVC", "MVCSimulation2.MVC\MVCSimulation2.MVC.csproj", "{F91181AD-9E2E-4699-970A-795EE4211CB4}"
EndProject
Global
	GlobalSection(SolutionConfigurationPlatforms) = preSolution
		Debug|Any CPU = Debug|Any CPU
		Release|Any CPU = Release|Any CPU
	EndGlobalSection
	GlobalSection(ProjectConfigurationPlatforms) = postSolution
		{FBD786D6-0FCA-46BB-A194-E0F40CDD41AB}.Debug|Any CPU.ActiveCfg = Debug|Any CPU
		{FBD786D6-0FCA-46BB-A194-E0F40CDD41AB}.Debug|Any CPU.Build.0 = Debug|Any CPU
		{FBD786D6-0FCA-46BB-A194-E0F40CDD41AB}.Release|Any CPU.ActiveCfg = Release|Any CPU
		{FBD786D6-0FCA-46BB-A194-E0F40CDD41AB}.Release|Any CPU.Build.0 = Release|Any CPU
		{F8940C76-EFF7-4910-9187-D2838955F583}.Debug|Any CPU.ActiveCfg = Debug|Any CPU
		{F8940C76-EFF7-4910-9187-D2838955F583}.Debug|Any CPU.Build.0 = Debug|Any CPU
		{F8940C76-EFF7-4910-9187-D2838955F583}.Release|Any CPU.ActiveCfg = Release|Any CPU
		{F8940C76-EFF7-4910-9187-D2838955F583}.Release|Any CPU.Build.0 = Release|Any CPU
		{F91181AD-9E2E-4699-970A-795EE4211CB4}.Debug|Any CPU.ActiveCfg = Debug|Any CPU
		{F91181AD-9E2E-4699-970A-795EE4211CB4}.Debug|Any CPU.Build.0 = Debug|Any CPU
		{F91181AD-9E2E-4699-970A-795EE4211CB4}.Release|Any CPU.ActiveCfg = Release|Any CPU
		{F91181AD-9E2E-4699-970A-795EE4211CB4}.Release|Any CPU.Build.0 = Release|Any CPU
	EndGlobalSection
	GlobalSection(SolutionProperties) = preSolution
		HideSolutionNode = FALSE
	EndGlobalSection
	GlobalSection(ExtensibilityGlobals) = postSolution
		SolutionGuid = {8DFFD48B-0C60-4925-AF40-53773A4FC387}
	EndGlobalSection
EndGlobal
